<?xml version="1.0" encoding="utf-8"?>
<Project ToolsVersion="4.0" xmlns="http://schemas.microsoft.com/developer/msbuild/2003">
  <ItemGroup>
    <Filter Include="Analyzers">
      <UniqueIdentifier>{3af15940-12c7-4d6b-9422-97bfa4c55545}</UniqueIdentifier>
    </Filter>
    <Filter Include="PCH">
      <UniqueIdentifier>{02b25273-b465-496f-94a0-85bc1c280ec8}</UniqueIdentifier>
    </Filter>
    <Filter Include="Analyzers\FileCompilations">
      <UniqueIdentifier>{79210204-aac4-4b43-afbd-f00dc6ae5c5f}</UniqueIdentifier>
    </Filter>
    <Filter Include="Analyzers\FileInclusions">
      <UniqueIdentifier>{2e121553-7923-4b76-8d32-c70f196478fe}</UniqueIdentifier>
    </Filter>
    <Filter Include="Analyzers\FunctionCompilations">
      <UniqueIdentifier>{a5c87a45-27b6-4a0f-82f3-3d966e79be42}</UniqueIdentifier>
    </Filter>
    <Filter Include="Analyzers\BuildTimeline">
      <UniqueIdentifier>{422afbb5-bb78-41c5-8f9d-010a548cc801}</UniqueIdentifier>
    </Filter>
    <Filter Include="Analyzers\TemplateInstantiations">
      <UniqueIdentifier>{24413659-86e8-42d1-b6a4-df3cf244d543}</UniqueIdentifier>
    </Filter>
  </ItemGroup>
  <ItemGroup>
    <ClInclude Include="..\..\src\BuildAnalyzer\BuildAnalyzer.h" />
    <ClInclude Include="..\..\src\BuildAnalyzer\PCH\PCH.h">
      <Filter>PCH</Filter>
    </ClInclude>
    <ClInclude Include="..\..\src\BuildAnalyzer\Analyzers\FileCompilations\FileCompilationsAnalyzer.h">
      <Filter>Analyzers\FileCompilations</Filter>
    </ClInclude>
    <ClInclude Include="..\..\src\BuildAnalyzer\Analyzers\FileInclusions\FileInclusionsAnalyzer.h">
      <Filter>Analyzers\FileInclusions</Filter>
    </ClInclude>
    <ClInclude Include="..\..\src\BuildAnalyzer\Analyzers\FunctionCompilations\FunctionCompilationsAnalyzer.h">
      <Filter>Analyzers\FunctionCompilations</Filter>
    </ClInclude>
    <ClInclude Include="..\..\src\BuildAnalyzer\Analyzers\BuildTimeline\BuildTimelineAnalyzer.h">
      <Filter>Analyzers\BuildTimeline</Filter>
    </ClInclude>
    <ClInclude Include="..\..\src\BuildAnalyzer\Analyzers\TemplateInstantiations\TemplateInstantiationsAnalyzer.h">
      <Filter>Analyzers\TemplateInstantiations</Filter>
    </ClInclude>
    <ClInclude Include="..\..\src\BuildAnalyzer\Analyzers\BuildTimeline\FilterTimeline.h">
      <Filter>Analyzers\BuildTimeline</Filter>
    </ClInclude>
  </ItemGroup>
  <ItemGroup>
    <ClCompile Include="..\..\src\BuildAnalyzer\BuildAnalyzer.cpp" />
    <ClCompile Include="..\..\src\BuildAnalyzer\PCH\PCH.cpp">
      <Filter>PCH</Filter>
    </ClCompile>
    <ClCompile Include="..\..\src\BuildAnalyzer\Analyzers\FileCompilations\FileCompilationsAnalyzer.cpp">
      <Filter>Analyzers\FileCompilations</Filter>
    </ClCompile>
    <ClCompile Include="..\..\src\BuildAnalyzer\Analyzers\FileInclusions\FileInclusionsAnalyzer.cpp">
      <Filter>Analyzers\FileInclusions</Filter>
    </ClCompile>
    <ClCompile Include="..\..\src\BuildAnalyzer\Analyzers\FunctionCompilations\FunctionCompilationsAnalyzer.cpp">
      <Filter>Analyzers\FunctionCompilations</Filter>
    </ClCompile>
    <ClCompile Include="..\..\src\BuildAnalyzer\Analyzers\BuildTimeline\BuildTimelineAnalyzer.cpp">
      <Filter>Analyzers\BuildTimeline</Filter>
    </ClCompile>
    <ClCompile Include="..\..\src\BuildAnalyzer\Analyzers\TemplateInstantiations\TemplateInstantiationsAnalyzer.cpp">
      <Filter>Analyzers\TemplateInstantiations</Filter>
    </ClCompile>
    <ClCompile Include="..\..\src\BuildAnalyzer\Analyzers\BuildTimeline\FilterTimeline.cpp">
      <Filter>Analyzers\BuildTimeline</Filter>
    </ClCompile>
  </ItemGroup>
  <ItemGroup>
    <None Include="packages.config" />
  </ItemGroup>
</Project>