<?xml version="1.0" encoding="utf-8"?>
<Project ToolsVersion="4.0" xmlns="http://schemas.microsoft.com/developer/msbuild/2003">
  <ItemGroup>
    <Filter Include="Analyzers">
      <UniqueIdentifier>{3af15940-12c7-4d6b-9422-97bfa4c55545}</UniqueIdentifier>
    </Filter>
    <Filter Include="PCH">
      <UniqueIdentifier>{02b25273-b465-496f-94a0-85bc1c280ec8}</UniqueIdentifier>
    </Filter>
  </ItemGroup>
  <ItemGroup>
    <ClInclude Include="..\..\src\BuildAnalyzer\BuildAnalyzer.h" />
    <ClInclude Include="..\..\src\BuildAnalyzer\PCH\PCH.h">
      <Filter>PCH</Filter>
    </ClInclude>
    <ClInclude Include="..\..\src\BuildAnalyzer\Analyzers\FunctionCompilationTimeAnalyzer.h">
      <Filter>Analyzers</Filter>
    </ClInclude>
    <ClInclude Include="..\..\src\BuildAnalyzer\Analyzers\FileInclusionTimeAnalyzer.h">
      <Filter>Analyzers</Filter>
    </ClInclude>
  </ItemGroup>
  <ItemGroup>
    <ClCompile Include="..\..\src\BuildAnalyzer\BuildAnalyzer.cpp" />
    <ClCompile Include="..\..\src\BuildAnalyzer\PCH\PCH.cpp">
      <Filter>PCH</Filter>
    </ClCompile>
    <ClCompile Include="..\..\src\BuildAnalyzer\Analyzers\FunctionCompilationTimeAnalyzer.cpp">
      <Filter>Analyzers</Filter>
    </ClCompile>
    <ClCompile Include="..\..\src\BuildAnalyzer\Analyzers\FileInclusionTimeAnalyzer.cpp">
      <Filter>Analyzers</Filter>
    </ClCompile>
  </ItemGroup>
  <ItemGroup>
    <None Include="packages.config" />
  </ItemGroup>
</Project>