<?xml version="1.0" encoding="utf-8"?>
<Project ToolsVersion="4.0" xmlns="http://schemas.microsoft.com/developer/msbuild/2003">
  <ItemGroup>
    <Filter Include="PCH">
      <UniqueIdentifier>{ea349bab-d512-4150-83ec-373acd78f05c}</UniqueIdentifier>
    </Filter>
  </ItemGroup>
  <ItemGroup>
    <ClInclude Include="..\..\src\AnalysisData\PCH\PCH.h">
      <Filter>PCH</Filter>
    </ClInclude>
    <ClInclude Include="..\..\src\AnalysisData\TimeElapsedPerOcurrence.h" />
    <ClInclude Include="..\..\src\AnalysisData\TimeElapsedPerOccurrencePerConcept.h" />
    <ClInclude Include="..\..\src\AnalysisData\FileCompilationData.h" />
    <ClInclude Include="..\..\src\AnalysisData\FileCompilationDataPerFile.h" />
  </ItemGroup>
  <ItemGroup>
    <ClCompile Include="..\..\src\AnalysisData\PCH\PCH.cpp">
      <Filter>PCH</Filter>
    </ClCompile>
  </ItemGroup>
</Project>