<?xml version="1.0" encoding="utf-8"?>
<Project ToolsVersion="4.0" xmlns="http://schemas.microsoft.com/developer/msbuild/2003">
  <ItemGroup>
    <Filter Include="PCH">
      <UniqueIdentifier>{ea349bab-d512-4150-83ec-373acd78f05c}</UniqueIdentifier>
    </Filter>
    <Filter Include="BuildTimeline">
      <UniqueIdentifier>{feac1be3-f702-46cb-9092-e14a200f60e9}</UniqueIdentifier>
    </Filter>
    <Filter Include="Utilities">
      <UniqueIdentifier>{4266d23d-6a55-45a3-9458-b7556bf2f801}</UniqueIdentifier>
    </Filter>
    <Filter Include="BuildTimeline\ProcessThreadRemapping">
      <UniqueIdentifier>{1edaca86-7a97-4021-929c-b7db38a4d33c}</UniqueIdentifier>
    </Filter>
  </ItemGroup>
  <ItemGroup>
    <ClInclude Include="..\..\src\AnalysisData\PCH\PCH.h">
      <Filter>PCH</Filter>
    </ClInclude>
    <ClInclude Include="..\..\src\AnalysisData\TimeElapsedPerOcurrence.h" />
    <ClInclude Include="..\..\src\AnalysisData\TimeElapsedPerOccurrencePerConcept.h" />
    <ClInclude Include="..\..\src\AnalysisData\FileCompilationData.h" />
    <ClInclude Include="..\..\src\AnalysisData\FileCompilationDataPerFile.h" />
    <ClInclude Include="..\..\src\AnalysisData\FileInclusionsPerFile.h" />
    <ClInclude Include="..\..\src\AnalysisData\BuildTimeline\BuildTimeline.h">
      <Filter>BuildTimeline</Filter>
    </ClInclude>
    <ClInclude Include="..\..\src\AnalysisData\BuildTimeline\TimelineEntry.h">
      <Filter>BuildTimeline</Filter>
    </ClInclude>
    <ClInclude Include="..\..\src\AnalysisData\BuildTimeline\TimelineTypes.h">
      <Filter>BuildTimeline</Filter>
    </ClInclude>
    <ClInclude Include="..\..\src\AnalysisData\Utilities\CppBuildInsightsDataConversion.h">
      <Filter>Utilities</Filter>
    </ClInclude>
    <ClInclude Include="..\..\src\AnalysisData\BuildTimeline\IgnoredEntries.h">
      <Filter>BuildTimeline</Filter>
    </ClInclude>
    <ClInclude Include="..\..\src\AnalysisData\TemplateInstantiationData.h" />
    <ClInclude Include="..\..\src\AnalysisData\SymbolKey.h" />
    <ClInclude Include="..\..\src\AnalysisData\SymbolNames.h" />
    <ClInclude Include="..\..\src\AnalysisData\BuildTimeline\ProcessThreadRemapping\PackedProcessThreadRemapper.h">
      <Filter>BuildTimeline\ProcessThreadRemapping</Filter>
    </ClInclude>
    <ClInclude Include="..\..\src\AnalysisData\BuildTimeline\ProcessThreadRemapping\ProcessThreadRemapping.h">
      <Filter>BuildTimeline\ProcessThreadRemapping</Filter>
    </ClInclude>
    <ClInclude Include="..\..\src\AnalysisData\Utilities\MiniDumpGeneration.h">
      <Filter>Utilities</Filter>
    </ClInclude>
  </ItemGroup>
  <ItemGroup>
    <ClCompile Include="..\..\src\AnalysisData\PCH\PCH.cpp">
      <Filter>PCH</Filter>
    </ClCompile>
    <ClCompile Include="..\..\src\AnalysisData\BuildTimeline\BuildTimeline.cpp">
      <Filter>BuildTimeline</Filter>
    </ClCompile>
    <ClCompile Include="..\..\src\AnalysisData\BuildTimeline\TimelineEntry.cpp">
      <Filter>BuildTimeline</Filter>
    </ClCompile>
    <ClCompile Include="..\..\src\AnalysisData\Utilities\CppBuildInsightsDataConversion.cpp">
      <Filter>Utilities</Filter>
    </ClCompile>
    <ClCompile Include="..\..\src\AnalysisData\BuildTimeline\ProcessThreadRemapping\PackedProcessThreadRemapper.cpp">
      <Filter>BuildTimeline\ProcessThreadRemapping</Filter>
    </ClCompile>
    <ClCompile Include="..\..\src\AnalysisData\Utilities\MiniDumpGeneration.cpp">
      <Filter>Utilities</Filter>
    </ClCompile>
  </ItemGroup>
  <ItemGroup>
    <None Include="packages.config" />
  </ItemGroup>
</Project>