<?xml version="1.0" encoding="utf-8"?>
<Project ToolsVersion="4.0" xmlns="http://schemas.microsoft.com/developer/msbuild/2003">
  <ItemGroup>
    <Filter Include="PCH">
      <UniqueIdentifier>{5e3f22b1-9ae5-4c14-8c92-8d5d9e4b32eb}</UniqueIdentifier>
    </Filter>
    <Filter Include="FunctionCompilations">
      <UniqueIdentifier>{eb1e9b0f-d70c-4453-9f9f-bf5a7bb6bae8}</UniqueIdentifier>
    </Filter>
    <Filter Include="FileInclusions">
      <UniqueIdentifier>{b687568b-f153-4daf-b39c-7e3741710dc7}</UniqueIdentifier>
    </Filter>
  </ItemGroup>
  <ItemGroup>
    <ClInclude Include="..\..\src\AnalysisExporter\PCH\PCH.h">
      <Filter>PCH</Filter>
    </ClInclude>
    <ClInclude Include="..\..\src\AnalysisExporter\FunctionCompilations\FunctionCompilationsExporter.h">
      <Filter>FunctionCompilations</Filter>
    </ClInclude>
    <ClInclude Include="..\..\src\AnalysisExporter\FileInclusions\FileInclusionsExporter.h">
      <Filter>FileInclusions</Filter>
    </ClInclude>
  </ItemGroup>
  <ItemGroup>
    <ClCompile Include="..\..\src\AnalysisExporter\PCH\PCH.cpp">
      <Filter>PCH</Filter>
    </ClCompile>
    <ClCompile Include="..\..\src\AnalysisExporter\FunctionCompilations\FunctionCompilationsExporter.cpp">
      <Filter>FunctionCompilations</Filter>
    </ClCompile>
    <ClCompile Include="..\..\src\AnalysisExporter\FileInclusions\FileInclusionsExporter.cpp">
      <Filter>FileInclusions</Filter>
    </ClCompile>
  </ItemGroup>
</Project>