<?xml version="1.0" encoding="utf-8"?>
<Project ToolsVersion="4.0" xmlns="http://schemas.microsoft.com/developer/msbuild/2003">
  <ItemGroup>
    <Filter Include="PCH">
      <UniqueIdentifier>{5e3f22b1-9ae5-4c14-8c92-8d5d9e4b32eb}</UniqueIdentifier>
    </Filter>
    <Filter Include="FunctionCompilations">
      <UniqueIdentifier>{eb1e9b0f-d70c-4453-9f9f-bf5a7bb6bae8}</UniqueIdentifier>
    </Filter>
    <Filter Include="FileInclusions">
      <UniqueIdentifier>{b687568b-f153-4daf-b39c-7e3741710dc7}</UniqueIdentifier>
    </Filter>
    <Filter Include="FileCompilations">
      <UniqueIdentifier>{d00a743f-4b95-4256-8a92-db11ed7ffc13}</UniqueIdentifier>
    </Filter>
    <Filter Include="BuildTimeline">
      <UniqueIdentifier>{7c5a8211-50bf-434c-9479-69c3407e8356}</UniqueIdentifier>
    </Filter>
    <Filter Include="TemplateInstantiations">
      <UniqueIdentifier>{c4dbc116-fa0a-4abe-aa27-e1a1c87c6941}</UniqueIdentifier>
    </Filter>
  </ItemGroup>
  <ItemGroup>
    <ClInclude Include="..\..\src\AnalysisExporter\PCH\PCH.h">
      <Filter>PCH</Filter>
    </ClInclude>
    <ClInclude Include="..\..\src\AnalysisExporter\FunctionCompilations\FunctionCompilationsExporter.h">
      <Filter>FunctionCompilations</Filter>
    </ClInclude>
    <ClInclude Include="..\..\src\AnalysisExporter\FileCompilations\FileCompilationsExporter.h">
      <Filter>FileCompilations</Filter>
    </ClInclude>
    <ClInclude Include="..\..\src\AnalysisExporter\FileInclusions\FileInclusionTimesExporter.h">
      <Filter>FileInclusions</Filter>
    </ClInclude>
    <ClInclude Include="..\..\src\AnalysisExporter\FileInclusions\FileInclusionGraphExporter.h">
      <Filter>FileInclusions</Filter>
    </ClInclude>
    <ClInclude Include="..\..\src\AnalysisExporter\BuildTimeline\BuildTimelineExporter.h">
      <Filter>BuildTimeline</Filter>
    </ClInclude>
    <ClInclude Include="..\..\src\AnalysisExporter\TemplateInstantiations\TemplateInstantiationsExporter.h">
      <Filter>TemplateInstantiations</Filter>
    </ClInclude>
  </ItemGroup>
  <ItemGroup>
    <ClCompile Include="..\..\src\AnalysisExporter\PCH\PCH.cpp">
      <Filter>PCH</Filter>
    </ClCompile>
    <ClCompile Include="..\..\src\AnalysisExporter\FunctionCompilations\FunctionCompilationsExporter.cpp">
      <Filter>FunctionCompilations</Filter>
    </ClCompile>
    <ClCompile Include="..\..\src\AnalysisExporter\FileCompilations\FileCompilationsExporter.cpp">
      <Filter>FileCompilations</Filter>
    </ClCompile>
    <ClCompile Include="..\..\src\AnalysisExporter\FileInclusions\FileInclusionTimesExporter.cpp">
      <Filter>FileInclusions</Filter>
    </ClCompile>
    <ClCompile Include="..\..\src\AnalysisExporter\FileInclusions\FileInclusionGraphExporter.cpp">
      <Filter>FileInclusions</Filter>
    </ClCompile>
    <ClCompile Include="..\..\src\AnalysisExporter\BuildTimeline\BuildTimelineExporter.cpp">
      <Filter>BuildTimeline</Filter>
    </ClCompile>
    <ClCompile Include="..\..\src\AnalysisExporter\TemplateInstantiations\TemplateInstantiationsExporter.cpp">
      <Filter>TemplateInstantiations</Filter>
    </ClCompile>
  </ItemGroup>
  <ItemGroup>
    <None Include="packages.config" />
  </ItemGroup>
</Project>